// !$*UTF8*$!
{
	archiveVersion = 1;
	classes = {
	};
	objectVersion = 56;
	objects = {

/* Begin PBXBuildFile section */
		63DB5BC32AC6E84600D911CA /* AgentApp.swift in Sources */ = {isa = PBXBuildFile; fileRef = 63DB5BC22AC6E84600D911CA /* AgentApp.swift */; };
		63DB5BC52AC6E84600D911CA /* ContentView.swift in Sources */ = {isa = PBXBuildFile; fileRef = 63DB5BC42AC6E84600D911CA /* ContentView.swift */; };
		63DB5BC72AC6E84600D911CA /* Assets.xcassets in Resources */ = {isa = PBXBuildFile; fileRef = 63DB5BC62AC6E84600D911CA /* Assets.xcassets */; };
		63DB5BCA2AC6E84600D911CA /* Preview Assets.xcassets in Resources */ = {isa = PBXBuildFile; fileRef = 63DB5BC92AC6E84600D911CA /* Preview Assets.xcassets */; };
		63DB5BCC2AC6E84600D911CA /* Persistence.swift in Sources */ = {isa = PBXBuildFile; fileRef = 63DB5BCB2AC6E84600D911CA /* Persistence.swift */; };
		63DB5BCF2AC6E84600D911CA /* Agent.xcdatamodeld in Sources */ = {isa = PBXBuildFile; fileRef = 63DB5BCD2AC6E84600D911CA /* Agent.xcdatamodeld */; };
		63DB5BD92AC6E84700D911CA /* AgentTests.swift in Sources */ = {isa = PBXBuildFile; fileRef = 63DB5BD82AC6E84700D911CA /* AgentTests.swift */; };
		63DB5BE32AC6E84700D911CA /* AgentUITests.swift in Sources */ = {isa = PBXBuildFile; fileRef = 63DB5BE22AC6E84700D911CA /* AgentUITests.swift */; };
		63DB5BE52AC6E84700D911CA /* AgentUITestsLaunchTests.swift in Sources */ = {isa = PBXBuildFile; fileRef = 63DB5BE42AC6E84700D911CA /* AgentUITestsLaunchTests.swift */; };
/* End PBXBuildFile section */

/* Begin PBXContainerItemProxy section */
		63DB5BD52AC6E84700D911CA /* PBXContainerItemProxy */ = {
			isa = PBXContainerItemProxy;
			containerPortal = 63DB5BB72AC6E84600D911CA /* Project object */;
			proxyType = 1;
			remoteGlobalIDString = 63DB5BBE2AC6E84600D911CA;
			remoteInfo = Agent;
		};
		63DB5BDF2AC6E84700D911CA /* PBXContainerItemProxy */ = {
			isa = PBXContainerItemProxy;
			containerPortal = 63DB5BB72AC6E84600D911CA /* Project object */;
			proxyType = 1;
			remoteGlobalIDString = 63DB5BBE2AC6E84600D911CA;
			remoteInfo = Agent;
		};
/* End PBXContainerItemProxy section */

/* Begin PBXFileReference section */
		63DB5BBF2AC6E84600D911CA /* Agent.app */ = {isa = PBXFileReference; explicitFileType = wrapper.application; includeInIndex = 0; path = Agent.app; sourceTree = BUILT_PRODUCTS_DIR; };
		63DB5BC22AC6E84600D911CA /* AgentApp.swift */ = {isa = PBXFileReference; lastKnownFileType = sourcecode.swift; path = AgentApp.swift; sourceTree = "<group>"; };
		63DB5BC42AC6E84600D911CA /* ContentView.swift */ = {isa = PBXFileReference; lastKnownFileType = sourcecode.swift; path = ContentView.swift; sourceTree = "<group>"; };
		63DB5BC62AC6E84600D911CA /* Assets.xcassets */ = {isa = PBXFileReference; lastKnownFileType = folder.assetcatalog; path = Assets.xcassets; sourceTree = "<group>"; };
		63DB5BC92AC6E84600D911CA /* Preview Assets.xcassets */ = {isa = PBXFileReference; lastKnownFileType = folder.assetcatalog; path = "Preview Assets.xcassets"; sourceTree = "<group>"; };
		63DB5BCB2AC6E84600D911CA /* Persistence.swift */ = {isa = PBXFileReference; lastKnownFileType = sourcecode.swift; path = Persistence.swift; sourceTree = "<group>"; };
		63DB5BCE2AC6E84600D911CA /* Agent.xcdatamodel */ = {isa = PBXFileReference; lastKnownFileType = wrapper.xcdatamodel; path = Agent.xcdatamodel; sourceTree = "<group>"; };
		63DB5BD42AC6E84700D911CA /* AgentTests.xctest */ = {isa = PBXFileReference; explicitFileType = wrapper.cfbundle; includeInIndex = 0; path = AgentTests.xctest; sourceTree = BUILT_PRODUCTS_DIR; };
		63DB5BD82AC6E84700D911CA /* AgentTests.swift */ = {isa = PBXFileReference; lastKnownFileType = sourcecode.swift; path = AgentTests.swift; sourceTree = "<group>"; };
		63DB5BDE2AC6E84700D911CA /* AgentUITests.xctest */ = {isa = PBXFileReference; explicitFileType = wrapper.cfbundle; includeInIndex = 0; path = AgentUITests.xctest; sourceTree = BUILT_PRODUCTS_DIR; };
		63DB5BE22AC6E84700D911CA /* AgentUITests.swift */ = {isa = PBXFileReference; lastKnownFileType = sourcecode.swift; path = AgentUITests.swift; sourceTree = "<group>"; };
		63DB5BE42AC6E84700D911CA /* AgentUITestsLaunchTests.swift */ = {isa = PBXFileReference; lastKnownFileType = sourcecode.swift; path = AgentUITestsLaunchTests.swift; sourceTree = "<group>"; };
/* End PBXFileReference section */

/* Begin PBXFrameworksBuildPhase section */
		63DB5BBC2AC6E84600D911CA /* Frameworks */ = {
			isa = PBXFrameworksBuildPhase;
			buildActionMask = 2147483647;
			files = (
			);
			runOnlyForDeploymentPostprocessing = 0;
		};
		63DB5BD12AC6E84700D911CA /* Frameworks */ = {
			isa = PBXFrameworksBuildPhase;
			buildActionMask = 2147483647;
			files = (
			);
			runOnlyForDeploymentPostprocessing = 0;
		};
		63DB5BDB2AC6E84700D911CA /* Frameworks */ = {
			isa = PBXFrameworksBuildPhase;
			buildActionMask = 2147483647;
			files = (
			);
			runOnlyForDeploymentPostprocessing = 0;
		};
/* End PBXFrameworksBuildPhase section */

/* Begin PBXGroup section */
		63DB5BB62AC6E84600D911CA = {
			isa = PBXGroup;
			children = (
				63DB5BC12AC6E84600D911CA /* Agent */,
				63DB5BD72AC6E84700D911CA /* AgentTests */,
				63DB5BE12AC6E84700D911CA /* AgentUITests */,
				63DB5BC02AC6E84600D911CA /* Products */,
			);
			sourceTree = "<group>";
		};
		63DB5BC02AC6E84600D911CA /* Products */ = {
			isa = PBXGroup;
			children = (
				63DB5BBF2AC6E84600D911CA /* Agent.app */,
				63DB5BD42AC6E84700D911CA /* AgentTests.xctest */,
				63DB5BDE2AC6E84700D911CA /* AgentUITests.xctest */,
			);
			name = Products;
			sourceTree = "<group>";
		};
		63DB5BC12AC6E84600D911CA /* Agent */ = {
			isa = PBXGroup;
			children = (
				63DB5BC22AC6E84600D911CA /* AgentApp.swift */,
				63DB5BC42AC6E84600D911CA /* ContentView.swift */,
				63DB5BC62AC6E84600D911CA /* Assets.xcassets */,
				63DB5BCB2AC6E84600D911CA /* Persistence.swift */,
				63DB5BCD2AC6E84600D911CA /* Agent.xcdatamodeld */,
				63DB5BC82AC6E84600D911CA /* Preview Content */,
			);
			path = Agent;
			sourceTree = "<group>";
		};
		63DB5BC82AC6E84600D911CA /* Preview Content */ = {
			isa = PBXGroup;
			children = (
				63DB5BC92AC6E84600D911CA /* Preview Assets.xcassets */,
			);
			path = "Preview Content";
			sourceTree = "<group>";
		};
		63DB5BD72AC6E84700D911CA /* AgentTests */ = {
			isa = PBXGroup;
			children = (
				63DB5BD82AC6E84700D911CA /* AgentTests.swift */,
			);
			path = AgentTests;
			sourceTree = "<group>";
		};
		63DB5BE12AC6E84700D911CA /* AgentUITests */ = {
			isa = PBXGroup;
			children = (
				63DB5BE22AC6E84700D911CA /* AgentUITests.swift */,
				63DB5BE42AC6E84700D911CA /* AgentUITestsLaunchTests.swift */,
			);
			path = AgentUITests;
			sourceTree = "<group>";
		};
/* End PBXGroup section */

/* Begin PBXNativeTarget section */
		63DB5BBE2AC6E84600D911CA /* Agent */ = {
			isa = PBXNativeTarget;
			buildConfigurationList = 63DB5BE82AC6E84700D911CA /* Build configuration list for PBXNativeTarget "Agent" */;
			buildPhases = (
				63DB5BBB2AC6E84600D911CA /* Sources */,
				63DB5BBC2AC6E84600D911CA /* Frameworks */,
				63DB5BBD2AC6E84600D911CA /* Resources */,
			);
			buildRules = (
			);
			dependencies = (
			);
			name = Agent;
			productName = Agent;
			productReference = 63DB5BBF2AC6E84600D911CA /* Agent.app */;
			productType = "com.apple.product-type.application";
		};
		63DB5BD32AC6E84700D911CA /* AgentTests */ = {
			isa = PBXNativeTarget;
			buildConfigurationList = 63DB5BEB2AC6E84700D911CA /* Build configuration list for PBXNativeTarget "AgentTests" */;
			buildPhases = (
				63DB5BD02AC6E84700D911CA /* Sources */,
				63DB5BD12AC6E84700D911CA /* Frameworks */,
				63DB5BD22AC6E84700D911CA /* Resources */,
			);
			buildRules = (
			);
			dependencies = (
				63DB5BD62AC6E84700D911CA /* PBXTargetDependency */,
			);
			name = AgentTests;
			productName = AgentTests;
			productReference = 63DB5BD42AC6E84700D911CA /* AgentTests.xctest */;
			productType = "com.apple.product-type.bundle.unit-test";
		};
		63DB5BDD2AC6E84700D911CA /* AgentUITests */ = {
			isa = PBXNativeTarget;
			buildConfigurationList = 63DB5BEE2AC6E84700D911CA /* Build configuration list for PBXNativeTarget "AgentUITests" */;
			buildPhases = (
				63DB5BDA2AC6E84700D911CA /* Sources */,
				63DB5BDB2AC6E84700D911CA /* Frameworks */,
				63DB5BDC2AC6E84700D911CA /* Resources */,
			);
			buildRules = (
			);
			dependencies = (
				63DB5BE02AC6E84700D911CA /* PBXTargetDependency */,
			);
			name = AgentUITests;
			productName = AgentUITests;
			productReference = 63DB5BDE2AC6E84700D911CA /* AgentUITests.xctest */;
			productType = "com.apple.product-type.bundle.ui-testing";
		};
/* End PBXNativeTarget section */

/* Begin PBXProject section */
		63DB5BB72AC6E84600D911CA /* Project object */ = {
			isa = PBXProject;
			attributes = {
				BuildIndependentTargetsInParallel = 1;
				LastSwiftUpdateCheck = 1430;
				LastUpgradeCheck = 1430;
				TargetAttributes = {
					63DB5BBE2AC6E84600D911CA = {
						CreatedOnToolsVersion = 14.3.1;
					};
					63DB5BD32AC6E84700D911CA = {
						CreatedOnToolsVersion = 14.3.1;
						TestTargetID = 63DB5BBE2AC6E84600D911CA;
					};
					63DB5BDD2AC6E84700D911CA = {
						CreatedOnToolsVersion = 14.3.1;
						TestTargetID = 63DB5BBE2AC6E84600D911CA;
					};
				};
			};
			buildConfigurationList = 63DB5BBA2AC6E84600D911CA /* Build configuration list for PBXProject "Agent" */;
			compatibilityVersion = "Xcode 14.0";
			developmentRegion = en;
			hasScannedForEncodings = 0;
			knownRegions = (
				en,
				Base,
			);
			mainGroup = 63DB5BB62AC6E84600D911CA;
			productRefGroup = 63DB5BC02AC6E84600D911CA /* Products */;
			projectDirPath = "";
			projectRoot = "";
			targets = (
				63DB5BBE2AC6E84600D911CA /* Agent */,
				63DB5BD32AC6E84700D911CA /* AgentTests */,
				63DB5BDD2AC6E84700D911CA /* AgentUITests */,
			);
		};
/* End PBXProject section */

/* Begin PBXResourcesBuildPhase section */
		63DB5BBD2AC6E84600D911CA /* Resources */ = {
			isa = PBXResourcesBuildPhase;
			buildActionMask = 2147483647;
			files = (
				63DB5BCA2AC6E84600D911CA /* Preview Assets.xcassets in Resources */,
				63DB5BC72AC6E84600D911CA /* Assets.xcassets in Resources */,
			);
			runOnlyForDeploymentPostprocessing = 0;
		};
		63DB5BD22AC6E84700D911CA /* Resources */ = {
			isa = PBXResourcesBuildPhase;
			buildActionMask = 2147483647;
			files = (
			);
			runOnlyForDeploymentPostprocessing = 0;
		};
		63DB5BDC2AC6E84700D911CA /* Resources */ = {
			isa = PBXResourcesBuildPhase;
			buildActionMask = 2147483647;
			files = (
			);
			runOnlyForDeploymentPostprocessing = 0;
		};
/* End PBXResourcesBuildPhase section */

/* Begin PBXSourcesBuildPhase section */
		63DB5BBB2AC6E84600D911CA /* Sources */ = {
			isa = PBXSourcesBuildPhase;
			buildActionMask = 2147483647;
			files = (
				63DB5BCC2AC6E84600D911CA /* Persistence.swift in Sources */,
				63DB5BCF2AC6E84600D911CA /* Agent.xcdatamodeld in Sources */,
				63DB5BC52AC6E84600D911CA /* ContentView.swift in Sources */,
				63DB5BC32AC6E84600D911CA /* AgentApp.swift in Sources */,
			);
			runOnlyForDeploymentPostprocessing = 0;
		};
		63DB5BD02AC6E84700D911CA /* Sources */ = {
			isa = PBXSourcesBuildPhase;
			buildActionMask = 2147483647;
			files = (
				63DB5BD92AC6E84700D911CA /* AgentTests.swift in Sources */,
			);
			runOnlyForDeploymentPostprocessing = 0;
		};
		63DB5BDA2AC6E84700D911CA /* Sources */ = {
			isa = PBXSourcesBuildPhase;
			buildActionMask = 2147483647;
			files = (
				63DB5BE52AC6E84700D911CA /* AgentUITestsLaunchTests.swift in Sources */,
				63DB5BE32AC6E84700D911CA /* AgentUITests.swift in Sources */,
			);
			runOnlyForDeploymentPostprocessing = 0;
		};
/* End PBXSourcesBuildPhase section */

/* Begin PBXTargetDependency section */
		63DB5BD62AC6E84700D911CA /* PBXTargetDependency */ = {
			isa = PBXTargetDependency;
			target = 63DB5BBE2AC6E84600D911CA /* Agent */;
			targetProxy = 63DB5BD52AC6E84700D911CA /* PBXContainerItemProxy */;
		};
		63DB5BE02AC6E84700D911CA /* PBXTargetDependency */ = {
			isa = PBXTargetDependency;
			target = 63DB5BBE2AC6E84600D911CA /* Agent */;
			targetProxy = 63DB5BDF2AC6E84700D911CA /* PBXContainerItemProxy */;
		};
/* End PBXTargetDependency section */

/* Begin XCBuildConfiguration section */
		63DB5BE62AC6E84700D911CA /* Debug */ = {
			isa = XCBuildConfiguration;
			buildSettings = {
				ALWAYS_SEARCH_USER_PATHS = NO;
				CLANG_ANALYZER_NONNULL = YES;
				CLANG_ANALYZER_NUMBER_OBJECT_CONVERSION = YES_AGGRESSIVE;
				CLANG_CXX_LANGUAGE_STANDARD = "gnu++20";
				CLANG_ENABLE_MODULES = YES;
				CLANG_ENABLE_OBJC_ARC = YES;
				CLANG_ENABLE_OBJC_WEAK = YES;
				CLANG_WARN_BLOCK_CAPTURE_AUTORELEASING = YES;
				CLANG_WARN_BOOL_CONVERSION = YES;
				CLANG_WARN_COMMA = YES;
				CLANG_WARN_CONSTANT_CONVERSION = YES;
				CLANG_WARN_DEPRECATED_OBJC_IMPLEMENTATIONS = YES;
				CLANG_WARN_DIRECT_OBJC_ISA_USAGE = YES_ERROR;
				CLANG_WARN_DOCUMENTATION_COMMENTS = YES;
				CLANG_WARN_EMPTY_BODY = YES;
				CLANG_WARN_ENUM_CONVERSION = YES;
				CLANG_WARN_INFINITE_RECURSION = YES;
				CLANG_WARN_INT_CONVERSION = YES;
				CLANG_WARN_NON_LITERAL_NULL_CONVERSION = YES;
				CLANG_WARN_OBJC_IMPLICIT_RETAIN_SELF = YES;
				CLANG_WARN_OBJC_LITERAL_CONVERSION = YES;
				CLANG_WARN_OBJC_ROOT_CLASS = YES_ERROR;
				CLANG_WARN_QUOTED_INCLUDE_IN_FRAMEWORK_HEADER = YES;
				CLANG_WARN_RANGE_LOOP_ANALYSIS = YES;
				CLANG_WARN_STRICT_PROTOTYPES = YES;
				CLANG_WARN_SUSPICIOUS_MOVE = YES;
				CLANG_WARN_UNGUARDED_AVAILABILITY = YES_AGGRESSIVE;
				CLANG_WARN_UNREACHABLE_CODE = YES;
				CLANG_WARN__DUPLICATE_METHOD_MATCH = YES;
				COPY_PHASE_STRIP = NO;
				DEBUG_INFORMATION_FORMAT = dwarf;
				ENABLE_STRICT_OBJC_MSGSEND = YES;
				ENABLE_TESTABILITY = YES;
				GCC_C_LANGUAGE_STANDARD = gnu11;
				GCC_DYNAMIC_NO_PIC = NO;
				GCC_NO_COMMON_BLOCKS = YES;
				GCC_OPTIMIZATION_LEVEL = 0;
				GCC_PREPROCESSOR_DEFINITIONS = (
					"DEBUG=1",
					"$(inherited)",
				);
				GCC_WARN_64_TO_32_BIT_CONVERSION = YES;
				GCC_WARN_ABOUT_RETURN_TYPE = YES_ERROR;
				GCC_WARN_UNDECLARED_SELECTOR = YES;
				GCC_WARN_UNINITIALIZED_AUTOS = YES_AGGRESSIVE;
				GCC_WARN_UNUSED_FUNCTION = YES;
				GCC_WARN_UNUSED_VARIABLE = YES;
				IPHONEOS_DEPLOYMENT_TARGET = 16.4;
				MTL_ENABLE_DEBUG_INFO = INCLUDE_SOURCE;
				MTL_FAST_MATH = YES;
				ONLY_ACTIVE_ARCH = YES;
				SDKROOT = iphoneos;
				SWIFT_ACTIVE_COMPILATION_CONDITIONS = DEBUG;
				SWIFT_OPTIMIZATION_LEVEL = "-Onone";
			};
			name = Debug;
		};
		63DB5BE72AC6E84700D911CA /* Release */ = {
			isa = XCBuildConfiguration;
			buildSettings = {
				ALWAYS_SEARCH_USER_PATHS = NO;
				CLANG_ANALYZER_NONNULL = YES;
				CLANG_ANALYZER_NUMBER_OBJECT_CONVERSION = YES_AGGRESSIVE;
				CLANG_CXX_LANGUAGE_STANDARD = "gnu++20";
				CLANG_ENABLE_MODULES = YES;
				CLANG_ENABLE_OBJC_ARC = YES;
				CLANG_ENABLE_OBJC_WEAK = YES;
				CLANG_WARN_BLOCK_CAPTURE_AUTORELEASING = YES;
				CLANG_WARN_BOOL_CONVERSION = YES;
				CLANG_WARN_COMMA = YES;
				CLANG_WARN_CONSTANT_CONVERSION = YES;
				CLANG_WARN_DEPRECATED_OBJC_IMPLEMENTATIONS = YES;
				CLANG_WARN_DIRECT_OBJC_ISA_USAGE = YES_ERROR;
				CLANG_WARN_DOCUMENTATION_COMMENTS = YES;
				CLANG_WARN_EMPTY_BODY = YES;
				CLANG_WARN_ENUM_CONVERSION = YES;
				CLANG_WARN_INFINITE_RECURSION = YES;
				CLANG_WARN_INT_CONVERSION = YES;
				CLANG_WARN_NON_LITERAL_NULL_CONVERSION = YES;
				CLANG_WARN_OBJC_IMPLICIT_RETAIN_SELF = YES;
				CLANG_WARN_OBJC_LITERAL_CONVERSION = YES;
				CLANG_WARN_OBJC_ROOT_CLASS = YES_ERROR;
				CLANG_WARN_QUOTED_INCLUDE_IN_FRAMEWORK_HEADER = YES;
				CLANG_WARN_RANGE_LOOP_ANALYSIS = YES;
				CLANG_WARN_STRICT_PROTOTYPES = YES;
				CLANG_WARN_SUSPICIOUS_MOVE = YES;
				CLANG_WARN_UNGUARDED_AVAILABILITY = YES_AGGRESSIVE;
				CLANG_WARN_UNREACHABLE_CODE = YES;
				CLANG_WARN__DUPLICATE_METHOD_MATCH = YES;
				COPY_PHASE_STRIP = NO;
				DEBUG_INFORMATION_FORMAT = "dwarf-with-dsym";
				ENABLE_NS_ASSERTIONS = NO;
				ENABLE_STRICT_OBJC_MSGSEND = YES;
				GCC_C_LANGUAGE_STANDARD = gnu11;
				GCC_NO_COMMON_BLOCKS = YES;
				GCC_WARN_64_TO_32_BIT_CONVERSION = YES;
				GCC_WARN_ABOUT_RETURN_TYPE = YES_ERROR;
				GCC_WARN_UNDECLARED_SELECTOR = YES;
				GCC_WARN_UNINITIALIZED_AUTOS = YES_AGGRESSIVE;
				GCC_WARN_UNUSED_FUNCTION = YES;
				GCC_WARN_UNUSED_VARIABLE = YES;
				IPHONEOS_DEPLOYMENT_TARGET = 16.4;
				MTL_ENABLE_DEBUG_INFO = NO;
				MTL_FAST_MATH = YES;
				SDKROOT = iphoneos;
				SWIFT_COMPILATION_MODE = wholemodule;
				SWIFT_OPTIMIZATION_LEVEL = "-O";
				VALIDATE_PRODUCT = YES;
			};
			name = Release;
		};
		63DB5BE92AC6E84700D911CA /* Debug */ = {
			isa = XCBuildConfiguration;
			buildSettings = {
				ASSETCATALOG_COMPILER_APPICON_NAME = AppIcon;
				ASSETCATALOG_COMPILER_GLOBAL_ACCENT_COLOR_NAME = AccentColor;
				CODE_SIGN_STYLE = Automatic;
				CURRENT_PROJECT_VERSION = 1;
				DEVELOPMENT_ASSET_PATHS = "\"Agent/Preview Content\"";
				DEVELOPMENT_TEAM = E4AF6NKPXE;
				ENABLE_PREVIEWS = YES;
				GENERATE_INFOPLIST_FILE = YES;
				INFOPLIST_KEY_UIApplicationSceneManifest_Generation = YES;
				INFOPLIST_KEY_UIApplicationSupportsIndirectInputEvents = YES;
				INFOPLIST_KEY_UILaunchScreen_Generation = YES;
				INFOPLIST_KEY_UISupportedInterfaceOrientations_iPad = "UIInterfaceOrientationPortrait UIInterfaceOrientationPortraitUpsideDown UIInterfaceOrientationLandscapeLeft UIInterfaceOrientationLandscapeRight";
				INFOPLIST_KEY_UISupportedInterfaceOrientations_iPhone = "UIInterfaceOrientationPortrait UIInterfaceOrientationLandscapeLeft UIInterfaceOrientationLandscapeRight";
				LD_RUNPATH_SEARCH_PATHS = (
					"$(inherited)",
					"@executable_path/Frameworks",
				);
				MARKETING_VERSION = 1.0;
				PRODUCT_BUNDLE_IDENTIFIER = ND.Agent;
				PRODUCT_NAME = "$(TARGET_NAME)";
				SWIFT_EMIT_LOC_STRINGS = YES;
				SWIFT_VERSION = 5.0;
				TARGETED_DEVICE_FAMILY = "1,2";
			};
			name = Debug;
		};
		63DB5BEA2AC6E84700D911CA /* Release */ = {
			isa = XCBuildConfiguration;
			buildSettings = {
				ASSETCATALOG_COMPILER_APPICON_NAME = AppIcon;
				ASSETCATALOG_COMPILER_GLOBAL_ACCENT_COLOR_NAME = AccentColor;
				CODE_SIGN_STYLE = Automatic;
				CURRENT_PROJECT_VERSION = 1;
				DEVELOPMENT_ASSET_PATHS = "\"Agent/Preview Content\"";
				DEVELOPMENT_TEAM = E4AF6NKPXE;
				ENABLE_PREVIEWS = YES;
				GENERATE_INFOPLIST_FILE = YES;
				INFOPLIST_KEY_UIApplicationSceneManifest_Generation = YES;
				INFOPLIST_KEY_UIApplicationSupportsIndirectInputEvents = YES;
				INFOPLIST_KEY_UILaunchScreen_Generation = YES;
				INFOPLIST_KEY_UISupportedInterfaceOrientations_iPad = "UIInterfaceOrientationPortrait UIInterfaceOrientationPortraitUpsideDown UIInterfaceOrientationLandscapeLeft UIInterfaceOrientationLandscapeRight";
				INFOPLIST_KEY_UISupportedInterfaceOrientations_iPhone = "UIInterfaceOrientationPortrait UIInterfaceOrientationLandscapeLeft UIInterfaceOrientationLandscapeRight";
				LD_RUNPATH_SEARCH_PATHS = (
					"$(inherited)",
					"@executable_path/Frameworks",
				);
				MARKETING_VERSION = 1.0;
				PRODUCT_BUNDLE_IDENTIFIER = ND.Agent;
				PRODUCT_NAME = "$(TARGET_NAME)";
				SWIFT_EMIT_LOC_STRINGS = YES;
				SWIFT_VERSION = 5.0;
				TARGETED_DEVICE_FAMILY = "1,2";
			};
			name = Release;
		};
		63DB5BEC2AC6E84700D911CA /* Debug */ = {
			isa = XCBuildConfiguration;
			buildSettings = {
				ALWAYS_EMBED_SWIFT_STANDARD_LIBRARIES = YES;
				BUNDLE_LOADER = "$(TEST_HOST)";
				CODE_SIGN_STYLE = Automatic;
				CURRENT_PROJECT_VERSION = 1;
				DEVELOPMENT_TEAM = E4AF6NKPXE;
				GENERATE_INFOPLIST_FILE = YES;
				IPHONEOS_DEPLOYMENT_TARGET = 16.4;
				MARKETING_VERSION = 1.0;
				PRODUCT_BUNDLE_IDENTIFIER = ND.AgentTests;
				PRODUCT_NAME = "$(TARGET_NAME)";
				SWIFT_EMIT_LOC_STRINGS = NO;
				SWIFT_VERSION = 5.0;
				TARGETED_DEVICE_FAMILY = "1,2";
				TEST_HOST = "$(BUILT_PRODUCTS_DIR)/Agent.app/$(BUNDLE_EXECUTABLE_FOLDER_PATH)/Agent";
			};
			name = Debug;
		};
		63DB5BED2AC6E84700D911CA /* Release */ = {
			isa = XCBuildConfiguration;
			buildSettings = {
				ALWAYS_EMBED_SWIFT_STANDARD_LIBRARIES = YES;
				BUNDLE_LOADER = "$(TEST_HOST)";
				CODE_SIGN_STYLE = Automatic;
				CURRENT_PROJECT_VERSION = 1;
				DEVELOPMENT_TEAM = E4AF6NKPXE;
				GENERATE_INFOPLIST_FILE = YES;
				IPHONEOS_DEPLOYMENT_TARGET = 16.4;
				MARKETING_VERSION = 1.0;
				PRODUCT_BUNDLE_IDENTIFIER = ND.AgentTests;
				PRODUCT_NAME = "$(TARGET_NAME)";
				SWIFT_EMIT_LOC_STRINGS = NO;
				SWIFT_VERSION = 5.0;
				TARGETED_DEVICE_FAMILY = "1,2";
				TEST_HOST = "$(BUILT_PRODUCTS_DIR)/Agent.app/$(BUNDLE_EXECUTABLE_FOLDER_PATH)/Agent";
			};
			name = Release;
		};
		63DB5BEF2AC6E84700D911CA /* Debug */ = {
			isa = XCBuildConfiguration;
			buildSettings = {
				ALWAYS_EMBED_SWIFT_STANDARD_LIBRARIES = YES;
				CODE_SIGN_STYLE = Automatic;
				CURRENT_PROJECT_VERSION = 1;
				DEVELOPMENT_TEAM = E4AF6NKPXE;
				GENERATE_INFOPLIST_FILE = YES;
				MARKETING_VERSION = 1.0;
				PRODUCT_BUNDLE_IDENTIFIER = ND.AgentUITests;
				PRODUCT_NAME = "$(TARGET_NAME)";
				SWIFT_EMIT_LOC_STRINGS = NO;
				SWIFT_VERSION = 5.0;
				TARGETED_DEVICE_FAMILY = "1,2";
				TEST_TARGET_NAME = Agent;
			};
			name = Debug;
		};
		63DB5BF02AC6E84700D911CA /* Release */ = {
			isa = XCBuildConfiguration;
			buildSettings = {
				ALWAYS_EMBED_SWIFT_STANDARD_LIBRARIES = YES;
				CODE_SIGN_STYLE = Automatic;
				CURRENT_PROJECT_VERSION = 1;
				DEVELOPMENT_TEAM = E4AF6NKPXE;
				GENERATE_INFOPLIST_FILE = YES;
				MARKETING_VERSION = 1.0;
				PRODUCT_BUNDLE_IDENTIFIER = ND.AgentUITests;
				PRODUCT_NAME = "$(TARGET_NAME)";
				SWIFT_EMIT_LOC_STRINGS = NO;
				SWIFT_VERSION = 5.0;
				TARGETED_DEVICE_FAMILY = "1,2";
				TEST_TARGET_NAME = Agent;
			};
			name = Release;
		};
/* End XCBuildConfiguration section */

/* Begin XCConfigurationList section */
		63DB5BBA2AC6E84600D911CA /* Build configuration list for PBXProject "Agent" */ = {
			isa = XCConfigurationList;
			buildConfigurations = (
				63DB5BE62AC6E84700D911CA /* Debug */,
				63DB5BE72AC6E84700D911CA /* Release */,
			);
			defaultConfigurationIsVisible = 0;
			defaultConfigurationName = Release;
		};
		63DB5BE82AC6E84700D911CA /* Build configuration list for PBXNativeTarget "Agent" */ = {
			isa = XCConfigurationList;
			buildConfigurations = (
				63DB5BE92AC6E84700D911CA /* Debug */,
				63DB5BEA2AC6E84700D911CA /* Release */,
			);
			defaultConfigurationIsVisible = 0;
			defaultConfigurationName = Release;
		};
		63DB5BEB2AC6E84700D911CA /* Build configuration list for PBXNativeTarget "AgentTests" */ = {
			isa = XCConfigurationList;
			buildConfigurations = (
				63DB5BEC2AC6E84700D911CA /* Debug */,
				63DB5BED2AC6E84700D911CA /* Release */,
			);
			defaultConfigurationIsVisible = 0;
			defaultConfigurationName = Release;
		};
		63DB5BEE2AC6E84700D911CA /* Build configuration list for PBXNativeTarget "AgentUITests" */ = {
			isa = XCConfigurationList;
			buildConfigurations = (
				63DB5BEF2AC6E84700D911CA /* Debug */,
				63DB5BF02AC6E84700D911CA /* Release */,
			);
			defaultConfigurationIsVisible = 0;
			defaultConfigurationName = Release;
		};
/* End XCConfigurationList section */

/* Begin XCVersionGroup section */
		63DB5BCD2AC6E84600D911CA /* Agent.xcdatamodeld */ = {
			isa = XCVersionGroup;
			children = (
				63DB5BCE2AC6E84600D911CA /* Agent.xcdatamodel */,
			);
			currentVersion = 63DB5BCE2AC6E84600D911CA /* Agent.xcdatamodel */;
			path = Agent.xcdatamodeld;
			sourceTree = "<group>";
			versionGroupType = wrapper.xcdatamodel;
		};
/* End XCVersionGroup section */
	};
	rootObject = 63DB5BB72AC6E84600D911CA /* Project object */;
}
